
Microsoft Visual Studio Solution File, Format Version 12.00
Project("{FAE04EC0-301F-11D3-BF4B-00C04F79EFBC}") = "IrisClassifierAvalonia", "IrisClassifierAvalonia.csproj", "{EDD5D447-7DD3-44A4-A0F6-356ECADE07B3}"
EndProject
Global
	GlobalSection(SolutionConfigurationPlatforms) = preSolution
		Debug|Any CPU = Debug|Any CPU
		Release|Any CPU = Release|Any CPU
	EndGlobalSection
	GlobalSection(ProjectConfigurationPlatforms) = postSolution
		{EDD5D447-7DD3-44A4-A0F6-356ECADE07B3}.Debug|Any CPU.ActiveCfg = Debug|Any CPU
		{EDD5D447-7DD3-44A4-A0F6-356ECADE07B3}.Debug|Any CPU.Build.0 = Debug|Any CPU
		{EDD5D447-7DD3-44A4-A0F6-356ECADE07B3}.Release|Any CPU.ActiveCfg = Release|Any CPU
		{EDD5D447-7DD3-44A4-A0F6-356ECADE07B3}.Release|Any CPU.Build.0 = Release|Any CPU
	EndGlobalSection
EndGlobal
